{
    "_readme": [
        "This file locks the dependencies of your project to a known state",
        "Read more about it at https://getcomposer.org/doc/01-basic-usage.md#composer-lock-the-lock-file",
        "This file is @generated automatically"
    ],
    "hash": "a9ebd65c60687c64adf175239e1dc22e",
    "content-hash": "27b268cc9b019186429d3902247b81c4",
    "packages": [
        {
            "name": "composer-test-2",
            "version": "1.0.1",
            "source": {
                "type": "git",
                "url": "https://github.com/josephmcdermott/composer-test-2.git",
                "reference": "810bbcca6dbb69b2f75d068b5fe867eb964bd7ee"
            },
            "dist": {
                "type": "zip",
                "url": "https://api.github.com/repos/josephmcdermott/composer-test-2/zipball/810bbcca6dbb69b2f75d068b5fe867eb964bd7ee",
                "reference": "810bbcca6dbb69b2f75d068b5fe867eb964bd7ee",
                "shasum": ""
            },
            "type": "library",
            "support": {
                "source": "https://github.com/josephmcdermott/composer-test-2/tree/1.0.1",
                "issues": "https://github.com/josephmcdermott/composer-test-2/issues"
            },
            "time": "2016-11-07 11:22:11"
        },
        {
            "name": "composer/composer",
            "version": "1.2.2-p1",
            "source": {
                "type": "git",
                "url": "https://github.com/josephmcdermott/composer-test-3.git",
                "reference": "39f182119733c314cab986c55273e3956096663b"
            },
            "dist": {
                "type": "zip",
                "url": "https://api.github.com/repos/josephmcdermott/composer-test-3/zipball/39f182119733c314cab986c55273e3956096663b",
                "reference": "39f182119733c314cab986c55273e3956096663b",
                "shasum": ""
            },
            "type": "library",
            "support": {
                "source": "https://github.com/josephmcdermott/composer-test-3/tree/1.2.2",
                "issues": "https://github.com/josephmcdermott/composer-test-3/issues"
            },
            "time": "2016-11-07 11:30:45"
        }
    ],
    "packages-dev": [],
    "aliases": [],
    "minimum-stability": "stable",
    "stability-flags": [],
    "prefer-stable": false,
    "prefer-lowest": false,
    "platform": [],
    "platform-dev": []
}
