{
    "_readme": [
        "This file locks the dependencies of your project to a known state",
        "Read more about it at https://getcomposer.org/doc/01-basic-usage.md#composer-lock-the-lock-file",
        "This file is @generated automatically"
    ],
    "hash": "29271c2578413250797fe835d2fa2831",
    "content-hash": "162f03d806183412e3aa8b0cb27a7a3f",
    "packages": [
        {
            "name": "composer-test-2",
            "version": "1.0.1",
            "source": {
                "type": "git",
                "url": "https://github.com/josephmcdermott/composer-test-2.git",
                "reference": "810bbcca6dbb69b2f75d068b5fe867eb964bd7ee"
            },
            "dist": {
                "type": "zip",
                "url": "https://api.github.com/repos/josephmcdermott/composer-test-2/zipball/810bbcca6dbb69b2f75d068b5fe867eb964bd7ee",
                "reference": "810bbcca6dbb69b2f75d068b5fe867eb964bd7ee",
                "shasum": ""
            },
            "type": "library",
            "support": {
                "source": "https://github.com/josephmcdermott/composer-test-2/tree/1.0.1",
                "issues": "https://github.com/josephmcdermott/composer-test-2/issues"
            },
            "time": "2016-11-07 11:22:11"
        },
        {
            "name": "composer-test-3",
            "version": "1.0.0-p3",
            "source": {
                "type": "git",
                "url": "https://github.com/josephmcdermott/composer-test-3.git",
                "reference": "f1a1dd679113e01dde7fd21a8cec3f6022e92afe"
            },
            "dist": {
                "type": "zip",
                "url": "https://api.github.com/repos/josephmcdermott/composer-test-3/zipball/f1a1dd679113e01dde7fd21a8cec3f6022e92afe",
                "reference": "f1a1dd679113e01dde7fd21a8cec3f6022e92afe",
                "shasum": ""
            },
            "type": "library",
            "support": {
                "source": "https://github.com/josephmcdermott/composer-test-3/tree/1.0.0-p3",
                "issues": "https://github.com/josephmcdermott/composer-test-3/issues"
            },
            "time": "2016-11-07 11:18:29"
        }
    ],
    "packages-dev": [],
    "aliases": [],
    "minimum-stability": "stable",
    "stability-flags": [],
    "prefer-stable": false,
    "prefer-lowest": false,
    "platform": [],
    "platform-dev": []
}
